
Microsoft Visual Studio Solution File, Format Version 12.00
# Visual Studio Version 16
VisualStudioVersion = 25.0.1706.3
MinimumVisualStudioVersion = 10.0.40219.1
Project("{FAE04EC0-301F-11D3-BF4B-00C04F79EFBC}") = "randomlist", "randomlist\randomlist.csproj", "{6F7DFCE6-FBA7-46FB-98E3-E313B99B382C}"
EndProject
Global
	GlobalSection(SolutionConfigurationPlatforms) = preSolution
		Debug|Any CPU = Debug|Any CPU
		Release|Any CPU = Release|Any CPU
	EndGlobalSection
	GlobalSection(ProjectConfigurationPlatforms) = postSolution
		{6F7DFCE6-FBA7-46FB-98E3-E313B99B382C}.Debug|Any CPU.ActiveCfg = Debug|Any CPU
		{6F7DFCE6-FBA7-46FB-98E3-E313B99B382C}.Debug|Any CPU.Build.0 = Debug|Any CPU
		{6F7DFCE6-FBA7-46FB-98E3-E313B99B382C}.Release|Any CPU.ActiveCfg = Release|Any CPU
		{6F7DFCE6-FBA7-46FB-98E3-E313B99B382C}.Release|Any CPU.Build.0 = Release|Any CPU
	EndGlobalSection
	GlobalSection(SolutionProperties) = preSolution
		HideSolutionNode = FALSE
	EndGlobalSection
	GlobalSection(ExtensibilityGlobals) = postSolution
		SolutionGuid = {4B5EA228-0FF3-42CD-9103-DB488C487919}
	EndGlobalSection
EndGlobal
